// !$*UTF8*$!
{
	archiveVersion = 1;
	classes = {
	};
	objectVersion = 50;
	objects = {

/* Begin PBXBuildFile section */
		614E4C3F2545A1070090D71D /* AppDelegate.swift in Sources */ = {isa = PBXBuildFile; fileRef = 614E4C3E2545A1070090D71D /* AppDelegate.swift */; };
		614E4C412545A1070090D71D /* Document.swift in Sources */ = {isa = PBXBuildFile; fileRef = 614E4C402545A1070090D71D /* Document.swift */; };
		614E4C442545A1070090D71D /* Document.xib in Resources */ = {isa = PBXBuildFile; fileRef = 614E4C422545A1070090D71D /* Document.xib */; };
		614E4C462545A1080090D71D /* Assets.xcassets in Resources */ = {isa = PBXBuildFile; fileRef = 614E4C452545A1080090D71D /* Assets.xcassets */; };
		614E4C492545A1080090D71D /* MainMenu.xib in Resources */ = {isa = PBXBuildFile; fileRef = 614E4C472545A1080090D71D /* MainMenu.xib */; };
/* End PBXBuildFile section */

/* Begin PBXFileReference section */
		614E4C3B2545A1070090D71D /* ExerciceDocument201025.app */ = {isa = PBXFileReference; explicitFileType = wrapper.application; includeInIndex = 0; path = ExerciceDocument201025.app; sourceTree = BUILT_PRODUCTS_DIR; };
		614E4C3E2545A1070090D71D /* AppDelegate.swift */ = {isa = PBXFileReference; lastKnownFileType = sourcecode.swift; path = AppDelegate.swift; sourceTree = "<group>"; };
		614E4C402545A1070090D71D /* Document.swift */ = {isa = PBXFileReference; lastKnownFileType = sourcecode.swift; path = Document.swift; sourceTree = "<group>"; };
		614E4C432545A1070090D71D /* Base */ = {isa = PBXFileReference; lastKnownFileType = file.xib; name = Base; path = Base.lproj/Document.xib; sourceTree = "<group>"; };
		614E4C452545A1080090D71D /* Assets.xcassets */ = {isa = PBXFileReference; lastKnownFileType = folder.assetcatalog; path = Assets.xcassets; sourceTree = "<group>"; };
		614E4C482545A1080090D71D /* Base */ = {isa = PBXFileReference; lastKnownFileType = file.xib; name = Base; path = Base.lproj/MainMenu.xib; sourceTree = "<group>"; };
		614E4C4A2545A1080090D71D /* Info.plist */ = {isa = PBXFileReference; lastKnownFileType = text.plist.xml; path = Info.plist; sourceTree = "<group>"; };
		614E4C4B2545A1080090D71D /* ExerciceDocument201025.entitlements */ = {isa = PBXFileReference; lastKnownFileType = text.plist.entitlements; path = ExerciceDocument201025.entitlements; sourceTree = "<group>"; };
/* End PBXFileReference section */

/* Begin PBXFrameworksBuildPhase section */
		614E4C382545A1070090D71D /* Frameworks */ = {
			isa = PBXFrameworksBuildPhase;
			buildActionMask = 2147483647;
			files = (
			);
			runOnlyForDeploymentPostprocessing = 0;
		};
/* End PBXFrameworksBuildPhase section */

/* Begin PBXGroup section */
		614E4C322545A1070090D71D = {
			isa = PBXGroup;
			children = (
				614E4C3D2545A1070090D71D /* ExerciceDocument201025 */,
				614E4C3C2545A1070090D71D /* Products */,
			);
			sourceTree = "<group>";
		};
		614E4C3C2545A1070090D71D /* Products */ = {
			isa = PBXGroup;
			children = (
				614E4C3B2545A1070090D71D /* ExerciceDocument201025.app */,
			);
			name = Products;
			sourceTree = "<group>";
		};
		614E4C3D2545A1070090D71D /* ExerciceDocument201025 */ = {
			isa = PBXGroup;
			children = (
				614E4C3E2545A1070090D71D /* AppDelegate.swift */,
				614E4C402545A1070090D71D /* Document.swift */,
				614E4C422545A1070090D71D /* Document.xib */,
				614E4C452545A1080090D71D /* Assets.xcassets */,
				614E4C472545A1080090D71D /* MainMenu.xib */,
				614E4C4A2545A1080090D71D /* Info.plist */,
				614E4C4B2545A1080090D71D /* ExerciceDocument201025.entitlements */,
			);
			path = ExerciceDocument201025;
			sourceTree = "<group>";
		};
/* End PBXGroup section */

/* Begin PBXNativeTarget section */
		614E4C3A2545A1070090D71D /* ExerciceDocument201025 */ = {
			isa = PBXNativeTarget;
			buildConfigurationList = 614E4C4E2545A1080090D71D /* Build configuration list for PBXNativeTarget "ExerciceDocument201025" */;
			buildPhases = (
				614E4C372545A1070090D71D /* Sources */,
				614E4C382545A1070090D71D /* Frameworks */,
				614E4C392545A1070090D71D /* Resources */,
			);
			buildRules = (
			);
			dependencies = (
			);
			name = ExerciceDocument201025;
			productName = ExerciceDocument201025;
			productReference = 614E4C3B2545A1070090D71D /* ExerciceDocument201025.app */;
			productType = "com.apple.product-type.application";
		};
/* End PBXNativeTarget section */

/* Begin PBXProject section */
		614E4C332545A1070090D71D /* Project object */ = {
			isa = PBXProject;
			attributes = {
				LastSwiftUpdateCheck = 1030;
				LastUpgradeCheck = 1030;
				ORGANIZATIONNAME = "Cool Apps";
				TargetAttributes = {
					614E4C3A2545A1070090D71D = {
						CreatedOnToolsVersion = 10.3;
					};
				};
			};
			buildConfigurationList = 614E4C362545A1070090D71D /* Build configuration list for PBXProject "ExerciceDocument201025" */;
			compatibilityVersion = "Xcode 9.3";
			developmentRegion = en;
			hasScannedForEncodings = 0;
			knownRegions = (
				en,
				Base,
			);
			mainGroup = 614E4C322545A1070090D71D;
			productRefGroup = 614E4C3C2545A1070090D71D /* Products */;
			projectDirPath = "";
			projectRoot = "";
			targets = (
				614E4C3A2545A1070090D71D /* ExerciceDocument201025 */,
			);
		};
/* End PBXProject section */

/* Begin PBXResourcesBuildPhase section */
		614E4C392545A1070090D71D /* Resources */ = {
			isa = PBXResourcesBuildPhase;
			buildActionMask = 2147483647;
			files = (
				614E4C462545A1080090D71D /* Assets.xcassets in Resources */,
				614E4C442545A1070090D71D /* Document.xib in Resources */,
				614E4C492545A1080090D71D /* MainMenu.xib in Resources */,
			);
			runOnlyForDeploymentPostprocessing = 0;
		};
/* End PBXResourcesBuildPhase section */

/* Begin PBXSourcesBuildPhase section */
		614E4C372545A1070090D71D /* Sources */ = {
			isa = PBXSourcesBuildPhase;
			buildActionMask = 2147483647;
			files = (
				614E4C412545A1070090D71D /* Document.swift in Sources */,
				614E4C3F2545A1070090D71D /* AppDelegate.swift in Sources */,
			);
			runOnlyForDeploymentPostprocessing = 0;
		};
/* End PBXSourcesBuildPhase section */

/* Begin PBXVariantGroup section */
		614E4C422545A1070090D71D /* Document.xib */ = {
			isa = PBXVariantGroup;
			children = (
				614E4C432545A1070090D71D /* Base */,
			);
			name = Document.xib;
			sourceTree = "<group>";
		};
		614E4C472545A1080090D71D /* MainMenu.xib */ = {
			isa = PBXVariantGroup;
			children = (
				614E4C482545A1080090D71D /* Base */,
			);
			name = MainMenu.xib;
			sourceTree = "<group>";
		};
/* End PBXVariantGroup section */

/* Begin XCBuildConfiguration section */
		614E4C4C2545A1080090D71D /* Debug */ = {
			isa = XCBuildConfiguration;
			buildSettings = {
				ALWAYS_SEARCH_USER_PATHS = NO;
				CLANG_ANALYZER_NONNULL = YES;
				CLANG_ANALYZER_NUMBER_OBJECT_CONVERSION = YES_AGGRESSIVE;
				CLANG_CXX_LANGUAGE_STANDARD = "gnu++14";
				CLANG_CXX_LIBRARY = "libc++";
				CLANG_ENABLE_MODULES = YES;
				CLANG_ENABLE_OBJC_ARC = YES;
				CLANG_ENABLE_OBJC_WEAK = YES;
				CLANG_WARN_BLOCK_CAPTURE_AUTORELEASING = YES;
				CLANG_WARN_BOOL_CONVERSION = YES;
				CLANG_WARN_COMMA = YES;
				CLANG_WARN_CONSTANT_CONVERSION = YES;
				CLANG_WARN_DEPRECATED_OBJC_IMPLEMENTATIONS = YES;
				CLANG_WARN_DIRECT_OBJC_ISA_USAGE = YES_ERROR;
				CLANG_WARN_DOCUMENTATION_COMMENTS = YES;
				CLANG_WARN_EMPTY_BODY = YES;
				CLANG_WARN_ENUM_CONVERSION = YES;
				CLANG_WARN_INFINITE_RECURSION = YES;
				CLANG_WARN_INT_CONVERSION = YES;
				CLANG_WARN_NON_LITERAL_NULL_CONVERSION = YES;
				CLANG_WARN_OBJC_IMPLICIT_RETAIN_SELF = YES;
				CLANG_WARN_OBJC_LITERAL_CONVERSION = YES;
				CLANG_WARN_OBJC_ROOT_CLASS = YES_ERROR;
				CLANG_WARN_RANGE_LOOP_ANALYSIS = YES;
				CLANG_WARN_STRICT_PROTOTYPES = YES;
				CLANG_WARN_SUSPICIOUS_MOVE = YES;
				CLANG_WARN_UNGUARDED_AVAILABILITY = YES_AGGRESSIVE;
				CLANG_WARN_UNREACHABLE_CODE = YES;
				CLANG_WARN__DUPLICATE_METHOD_MATCH = YES;
				CODE_SIGN_IDENTITY = "-";
				COPY_PHASE_STRIP = NO;
				DEBUG_INFORMATION_FORMAT = dwarf;
				ENABLE_STRICT_OBJC_MSGSEND = YES;
				ENABLE_TESTABILITY = YES;
				GCC_C_LANGUAGE_STANDARD = gnu11;
				GCC_DYNAMIC_NO_PIC = NO;
				GCC_NO_COMMON_BLOCKS = YES;
				GCC_OPTIMIZATION_LEVEL = 0;
				GCC_PREPROCESSOR_DEFINITIONS = (
					"DEBUG=1",
					"$(inherited)",
				);
				GCC_WARN_64_TO_32_BIT_CONVERSION = YES;
				GCC_WARN_ABOUT_RETURN_TYPE = YES_ERROR;
				GCC_WARN_UNDECLARED_SELECTOR = YES;
				GCC_WARN_UNINITIALIZED_AUTOS = YES_AGGRESSIVE;
				GCC_WARN_UNUSED_FUNCTION = YES;
				GCC_WARN_UNUSED_VARIABLE = YES;
				MACOSX_DEPLOYMENT_TARGET = 10.14;
				MTL_ENABLE_DEBUG_INFO = INCLUDE_SOURCE;
				MTL_FAST_MATH = YES;
				ONLY_ACTIVE_ARCH = YES;
				SDKROOT = macosx;
				SWIFT_ACTIVE_COMPILATION_CONDITIONS = DEBUG;
				SWIFT_OPTIMIZATION_LEVEL = "-Onone";
			};
			name = Debug;
		};
		614E4C4D2545A1080090D71D /* Release */ = {
			isa = XCBuildConfiguration;
			buildSettings = {
				ALWAYS_SEARCH_USER_PATHS = NO;
				CLANG_ANALYZER_NONNULL = YES;
				CLANG_ANALYZER_NUMBER_OBJECT_CONVERSION = YES_AGGRESSIVE;
				CLANG_CXX_LANGUAGE_STANDARD = "gnu++14";
				CLANG_CXX_LIBRARY = "libc++";
				CLANG_ENABLE_MODULES = YES;
				CLANG_ENABLE_OBJC_ARC = YES;
				CLANG_ENABLE_OBJC_WEAK = YES;
				CLANG_WARN_BLOCK_CAPTURE_AUTORELEASING = YES;
				CLANG_WARN_BOOL_CONVERSION = YES;
				CLANG_WARN_COMMA = YES;
				CLANG_WARN_CONSTANT_CONVERSION = YES;
				CLANG_WARN_DEPRECATED_OBJC_IMPLEMENTATIONS = YES;
				CLANG_WARN_DIRECT_OBJC_ISA_USAGE = YES_ERROR;
				CLANG_WARN_DOCUMENTATION_COMMENTS = YES;
				CLANG_WARN_EMPTY_BODY = YES;
				CLANG_WARN_ENUM_CONVERSION = YES;
				CLANG_WARN_INFINITE_RECURSION = YES;
				CLANG_WARN_INT_CONVERSION = YES;
				CLANG_WARN_NON_LITERAL_NULL_CONVERSION = YES;
				CLANG_WARN_OBJC_IMPLICIT_RETAIN_SELF = YES;
				CLANG_WARN_OBJC_LITERAL_CONVERSION = YES;
				CLANG_WARN_OBJC_ROOT_CLASS = YES_ERROR;
				CLANG_WARN_RANGE_LOOP_ANALYSIS = YES;
				CLANG_WARN_STRICT_PROTOTYPES = YES;
				CLANG_WARN_SUSPICIOUS_MOVE = YES;
				CLANG_WARN_UNGUARDED_AVAILABILITY = YES_AGGRESSIVE;
				CLANG_WARN_UNREACHABLE_CODE = YES;
				CLANG_WARN__DUPLICATE_METHOD_MATCH = YES;
				CODE_SIGN_IDENTITY = "-";
				COPY_PHASE_STRIP = NO;
				DEBUG_INFORMATION_FORMAT = "dwarf-with-dsym";
				ENABLE_NS_ASSERTIONS = NO;
				ENABLE_STRICT_OBJC_MSGSEND = YES;
				GCC_C_LANGUAGE_STANDARD = gnu11;
				GCC_NO_COMMON_BLOCKS = YES;
				GCC_WARN_64_TO_32_BIT_CONVERSION = YES;
				GCC_WARN_ABOUT_RETURN_TYPE = YES_ERROR;
				GCC_WARN_UNDECLARED_SELECTOR = YES;
				GCC_WARN_UNINITIALIZED_AUTOS = YES_AGGRESSIVE;
				GCC_WARN_UNUSED_FUNCTION = YES;
				GCC_WARN_UNUSED_VARIABLE = YES;
				MACOSX_DEPLOYMENT_TARGET = 10.14;
				MTL_ENABLE_DEBUG_INFO = NO;
				MTL_FAST_MATH = YES;
				SDKROOT = macosx;
				SWIFT_COMPILATION_MODE = wholemodule;
				SWIFT_OPTIMIZATION_LEVEL = "-O";
			};
			name = Release;
		};
		614E4C4F2545A1080090D71D /* Debug */ = {
			isa = XCBuildConfiguration;
			buildSettings = {
				ASSETCATALOG_COMPILER_APPICON_NAME = AppIcon;
				CODE_SIGN_ENTITLEMENTS = ExerciceDocument201025/ExerciceDocument201025.entitlements;
				CODE_SIGN_STYLE = Automatic;
				COMBINE_HIDPI_IMAGES = YES;
				INFOPLIST_FILE = ExerciceDocument201025/Info.plist;
				LD_RUNPATH_SEARCH_PATHS = (
					"$(inherited)",
					"@executable_path/../Frameworks",
				);
				PRODUCT_BUNDLE_IDENTIFIER = com.CoolApps.ExerciceDocument201025;
				PRODUCT_NAME = "$(TARGET_NAME)";
				SWIFT_VERSION = 5.0;
			};
			name = Debug;
		};
		614E4C502545A1080090D71D /* Release */ = {
			isa = XCBuildConfiguration;
			buildSettings = {
				ASSETCATALOG_COMPILER_APPICON_NAME = AppIcon;
				CODE_SIGN_ENTITLEMENTS = ExerciceDocument201025/ExerciceDocument201025.entitlements;
				CODE_SIGN_STYLE = Automatic;
				COMBINE_HIDPI_IMAGES = YES;
				INFOPLIST_FILE = ExerciceDocument201025/Info.plist;
				LD_RUNPATH_SEARCH_PATHS = (
					"$(inherited)",
					"@executable_path/../Frameworks",
				);
				PRODUCT_BUNDLE_IDENTIFIER = com.CoolApps.ExerciceDocument201025;
				PRODUCT_NAME = "$(TARGET_NAME)";
				SWIFT_VERSION = 5.0;
			};
			name = Release;
		};
/* End XCBuildConfiguration section */

/* Begin XCConfigurationList section */
		614E4C362545A1070090D71D /* Build configuration list for PBXProject "ExerciceDocument201025" */ = {
			isa = XCConfigurationList;
			buildConfigurations = (
				614E4C4C2545A1080090D71D /* Debug */,
				614E4C4D2545A1080090D71D /* Release */,
			);
			defaultConfigurationIsVisible = 0;
			defaultConfigurationName = Release;
		};
		614E4C4E2545A1080090D71D /* Build configuration list for PBXNativeTarget "ExerciceDocument201025" */ = {
			isa = XCConfigurationList;
			buildConfigurations = (
				614E4C4F2545A1080090D71D /* Debug */,
				614E4C502545A1080090D71D /* Release */,
			);
			defaultConfigurationIsVisible = 0;
			defaultConfigurationName = Release;
		};
/* End XCConfigurationList section */
	};
	rootObject = 614E4C332545A1070090D71D /* Project object */;
}
