// !$*UTF8*$!
{
	archiveVersion = 1;
	classes = {
	};
	objectVersion = 50;
	objects = {

/* Begin PBXBuildFile section */
		61A23FE725E2865A0037CDFF /* AppDelegate.swift in Sources */ = {isa = PBXBuildFile; fileRef = 61A23FE625E2865A0037CDFF /* AppDelegate.swift */; };
		61A23FE925E2865A0037CDFF /* ContentView.swift in Sources */ = {isa = PBXBuildFile; fileRef = 61A23FE825E2865A0037CDFF /* ContentView.swift */; };
		61A23FEB25E2865D0037CDFF /* Assets.xcassets in Resources */ = {isa = PBXBuildFile; fileRef = 61A23FEA25E2865D0037CDFF /* Assets.xcassets */; };
		61A23FEE25E2865D0037CDFF /* Preview Assets.xcassets in Resources */ = {isa = PBXBuildFile; fileRef = 61A23FED25E2865D0037CDFF /* Preview Assets.xcassets */; };
		61A23FF125E2865D0037CDFF /* Main.storyboard in Resources */ = {isa = PBXBuildFile; fileRef = 61A23FEF25E2865D0037CDFF /* Main.storyboard */; };
/* End PBXBuildFile section */

/* Begin PBXFileReference section */
		61A23FE325E2865A0037CDFF /* MyBasicSwiftUiCode@StateTextfield.app */ = {isa = PBXFileReference; explicitFileType = wrapper.application; includeInIndex = 0; path = "MyBasicSwiftUiCode@StateTextfield.app"; sourceTree = BUILT_PRODUCTS_DIR; };
		61A23FE625E2865A0037CDFF /* AppDelegate.swift */ = {isa = PBXFileReference; lastKnownFileType = sourcecode.swift; path = AppDelegate.swift; sourceTree = "<group>"; };
		61A23FE825E2865A0037CDFF /* ContentView.swift */ = {isa = PBXFileReference; lastKnownFileType = sourcecode.swift; path = ContentView.swift; sourceTree = "<group>"; };
		61A23FEA25E2865D0037CDFF /* Assets.xcassets */ = {isa = PBXFileReference; lastKnownFileType = folder.assetcatalog; path = Assets.xcassets; sourceTree = "<group>"; };
		61A23FED25E2865D0037CDFF /* Preview Assets.xcassets */ = {isa = PBXFileReference; lastKnownFileType = folder.assetcatalog; path = "Preview Assets.xcassets"; sourceTree = "<group>"; };
		61A23FF025E2865D0037CDFF /* Base */ = {isa = PBXFileReference; lastKnownFileType = file.storyboard; name = Base; path = Base.lproj/Main.storyboard; sourceTree = "<group>"; };
		61A23FF225E2865D0037CDFF /* Info.plist */ = {isa = PBXFileReference; lastKnownFileType = text.plist.xml; path = Info.plist; sourceTree = "<group>"; };
		61A23FF325E2865D0037CDFF /* MyBasicSwiftUiCode_StateTextfield.entitlements */ = {isa = PBXFileReference; lastKnownFileType = text.plist.entitlements; path = MyBasicSwiftUiCode_StateTextfield.entitlements; sourceTree = "<group>"; };
/* End PBXFileReference section */

/* Begin PBXFrameworksBuildPhase section */
		61A23FE025E2865A0037CDFF /* Frameworks */ = {
			isa = PBXFrameworksBuildPhase;
			buildActionMask = 2147483647;
			files = (
			);
			runOnlyForDeploymentPostprocessing = 0;
		};
/* End PBXFrameworksBuildPhase section */

/* Begin PBXGroup section */
		61A23FDA25E2865A0037CDFF = {
			isa = PBXGroup;
			children = (
				61A23FE525E2865A0037CDFF /* MyBasicSwiftUiCode@StateTextfield */,
				61A23FE425E2865A0037CDFF /* Products */,
			);
			sourceTree = "<group>";
		};
		61A23FE425E2865A0037CDFF /* Products */ = {
			isa = PBXGroup;
			children = (
				61A23FE325E2865A0037CDFF /* MyBasicSwiftUiCode@StateTextfield.app */,
			);
			name = Products;
			sourceTree = "<group>";
		};
		61A23FE525E2865A0037CDFF /* MyBasicSwiftUiCode@StateTextfield */ = {
			isa = PBXGroup;
			children = (
				61A23FE625E2865A0037CDFF /* AppDelegate.swift */,
				61A23FE825E2865A0037CDFF /* ContentView.swift */,
				61A23FEA25E2865D0037CDFF /* Assets.xcassets */,
				61A23FEF25E2865D0037CDFF /* Main.storyboard */,
				61A23FF225E2865D0037CDFF /* Info.plist */,
				61A23FF325E2865D0037CDFF /* MyBasicSwiftUiCode_StateTextfield.entitlements */,
				61A23FEC25E2865D0037CDFF /* Preview Content */,
			);
			path = "MyBasicSwiftUiCode@StateTextfield";
			sourceTree = "<group>";
		};
		61A23FEC25E2865D0037CDFF /* Preview Content */ = {
			isa = PBXGroup;
			children = (
				61A23FED25E2865D0037CDFF /* Preview Assets.xcassets */,
			);
			path = "Preview Content";
			sourceTree = "<group>";
		};
/* End PBXGroup section */

/* Begin PBXNativeTarget section */
		61A23FE225E2865A0037CDFF /* MyBasicSwiftUiCode@StateTextfield */ = {
			isa = PBXNativeTarget;
			buildConfigurationList = 61A23FF625E2865D0037CDFF /* Build configuration list for PBXNativeTarget "MyBasicSwiftUiCode@StateTextfield" */;
			buildPhases = (
				61A23FDF25E2865A0037CDFF /* Sources */,
				61A23FE025E2865A0037CDFF /* Frameworks */,
				61A23FE125E2865A0037CDFF /* Resources */,
			);
			buildRules = (
			);
			dependencies = (
			);
			name = "MyBasicSwiftUiCode@StateTextfield";
			productName = "MyBasicSwiftUiCode@StateTextfield";
			productReference = 61A23FE325E2865A0037CDFF /* MyBasicSwiftUiCode@StateTextfield.app */;
			productType = "com.apple.product-type.application";
		};
/* End PBXNativeTarget section */

/* Begin PBXProject section */
		61A23FDB25E2865A0037CDFF /* Project object */ = {
			isa = PBXProject;
			attributes = {
				LastSwiftUpdateCheck = 1220;
				LastUpgradeCheck = 1220;
				TargetAttributes = {
					61A23FE225E2865A0037CDFF = {
						CreatedOnToolsVersion = 12.2;
					};
				};
			};
			buildConfigurationList = 61A23FDE25E2865A0037CDFF /* Build configuration list for PBXProject "MyBasicSwiftUiCode@StateTextfield" */;
			compatibilityVersion = "Xcode 9.3";
			developmentRegion = en;
			hasScannedForEncodings = 0;
			knownRegions = (
				en,
				Base,
			);
			mainGroup = 61A23FDA25E2865A0037CDFF;
			productRefGroup = 61A23FE425E2865A0037CDFF /* Products */;
			projectDirPath = "";
			projectRoot = "";
			targets = (
				61A23FE225E2865A0037CDFF /* MyBasicSwiftUiCode@StateTextfield */,
			);
		};
/* End PBXProject section */

/* Begin PBXResourcesBuildPhase section */
		61A23FE125E2865A0037CDFF /* Resources */ = {
			isa = PBXResourcesBuildPhase;
			buildActionMask = 2147483647;
			files = (
				61A23FF125E2865D0037CDFF /* Main.storyboard in Resources */,
				61A23FEE25E2865D0037CDFF /* Preview Assets.xcassets in Resources */,
				61A23FEB25E2865D0037CDFF /* Assets.xcassets in Resources */,
			);
			runOnlyForDeploymentPostprocessing = 0;
		};
/* End PBXResourcesBuildPhase section */

/* Begin PBXSourcesBuildPhase section */
		61A23FDF25E2865A0037CDFF /* Sources */ = {
			isa = PBXSourcesBuildPhase;
			buildActionMask = 2147483647;
			files = (
				61A23FE925E2865A0037CDFF /* ContentView.swift in Sources */,
				61A23FE725E2865A0037CDFF /* AppDelegate.swift in Sources */,
			);
			runOnlyForDeploymentPostprocessing = 0;
		};
/* End PBXSourcesBuildPhase section */

/* Begin PBXVariantGroup section */
		61A23FEF25E2865D0037CDFF /* Main.storyboard */ = {
			isa = PBXVariantGroup;
			children = (
				61A23FF025E2865D0037CDFF /* Base */,
			);
			name = Main.storyboard;
			sourceTree = "<group>";
		};
/* End PBXVariantGroup section */

/* Begin XCBuildConfiguration section */
		61A23FF425E2865D0037CDFF /* Debug */ = {
			isa = XCBuildConfiguration;
			buildSettings = {
				ALWAYS_SEARCH_USER_PATHS = NO;
				CLANG_ANALYZER_NONNULL = YES;
				CLANG_ANALYZER_NUMBER_OBJECT_CONVERSION = YES_AGGRESSIVE;
				CLANG_CXX_LANGUAGE_STANDARD = "gnu++14";
				CLANG_CXX_LIBRARY = "libc++";
				CLANG_ENABLE_MODULES = YES;
				CLANG_ENABLE_OBJC_ARC = YES;
				CLANG_ENABLE_OBJC_WEAK = YES;
				CLANG_WARN_BLOCK_CAPTURE_AUTORELEASING = YES;
				CLANG_WARN_BOOL_CONVERSION = YES;
				CLANG_WARN_COMMA = YES;
				CLANG_WARN_CONSTANT_CONVERSION = YES;
				CLANG_WARN_DEPRECATED_OBJC_IMPLEMENTATIONS = YES;
				CLANG_WARN_DIRECT_OBJC_ISA_USAGE = YES_ERROR;
				CLANG_WARN_DOCUMENTATION_COMMENTS = YES;
				CLANG_WARN_EMPTY_BODY = YES;
				CLANG_WARN_ENUM_CONVERSION = YES;
				CLANG_WARN_INFINITE_RECURSION = YES;
				CLANG_WARN_INT_CONVERSION = YES;
				CLANG_WARN_NON_LITERAL_NULL_CONVERSION = YES;
				CLANG_WARN_OBJC_IMPLICIT_RETAIN_SELF = YES;
				CLANG_WARN_OBJC_LITERAL_CONVERSION = YES;
				CLANG_WARN_OBJC_ROOT_CLASS = YES_ERROR;
				CLANG_WARN_QUOTED_INCLUDE_IN_FRAMEWORK_HEADER = YES;
				CLANG_WARN_RANGE_LOOP_ANALYSIS = YES;
				CLANG_WARN_STRICT_PROTOTYPES = YES;
				CLANG_WARN_SUSPICIOUS_MOVE = YES;
				CLANG_WARN_UNGUARDED_AVAILABILITY = YES_AGGRESSIVE;
				CLANG_WARN_UNREACHABLE_CODE = YES;
				CLANG_WARN__DUPLICATE_METHOD_MATCH = YES;
				COPY_PHASE_STRIP = NO;
				DEBUG_INFORMATION_FORMAT = dwarf;
				ENABLE_STRICT_OBJC_MSGSEND = YES;
				ENABLE_TESTABILITY = YES;
				GCC_C_LANGUAGE_STANDARD = gnu11;
				GCC_DYNAMIC_NO_PIC = NO;
				GCC_NO_COMMON_BLOCKS = YES;
				GCC_OPTIMIZATION_LEVEL = 0;
				GCC_PREPROCESSOR_DEFINITIONS = (
					"DEBUG=1",
					"$(inherited)",
				);
				GCC_WARN_64_TO_32_BIT_CONVERSION = YES;
				GCC_WARN_ABOUT_RETURN_TYPE = YES_ERROR;
				GCC_WARN_UNDECLARED_SELECTOR = YES;
				GCC_WARN_UNINITIALIZED_AUTOS = YES_AGGRESSIVE;
				GCC_WARN_UNUSED_FUNCTION = YES;
				GCC_WARN_UNUSED_VARIABLE = YES;
				MACOSX_DEPLOYMENT_TARGET = 10.15;
				MTL_ENABLE_DEBUG_INFO = INCLUDE_SOURCE;
				MTL_FAST_MATH = YES;
				ONLY_ACTIVE_ARCH = YES;
				SDKROOT = macosx;
				SWIFT_ACTIVE_COMPILATION_CONDITIONS = DEBUG;
				SWIFT_OPTIMIZATION_LEVEL = "-Onone";
			};
			name = Debug;
		};
		61A23FF525E2865D0037CDFF /* Release */ = {
			isa = XCBuildConfiguration;
			buildSettings = {
				ALWAYS_SEARCH_USER_PATHS = NO;
				CLANG_ANALYZER_NONNULL = YES;
				CLANG_ANALYZER_NUMBER_OBJECT_CONVERSION = YES_AGGRESSIVE;
				CLANG_CXX_LANGUAGE_STANDARD = "gnu++14";
				CLANG_CXX_LIBRARY = "libc++";
				CLANG_ENABLE_MODULES = YES;
				CLANG_ENABLE_OBJC_ARC = YES;
				CLANG_ENABLE_OBJC_WEAK = YES;
				CLANG_WARN_BLOCK_CAPTURE_AUTORELEASING = YES;
				CLANG_WARN_BOOL_CONVERSION = YES;
				CLANG_WARN_COMMA = YES;
				CLANG_WARN_CONSTANT_CONVERSION = YES;
				CLANG_WARN_DEPRECATED_OBJC_IMPLEMENTATIONS = YES;
				CLANG_WARN_DIRECT_OBJC_ISA_USAGE = YES_ERROR;
				CLANG_WARN_DOCUMENTATION_COMMENTS = YES;
				CLANG_WARN_EMPTY_BODY = YES;
				CLANG_WARN_ENUM_CONVERSION = YES;
				CLANG_WARN_INFINITE_RECURSION = YES;
				CLANG_WARN_INT_CONVERSION = YES;
				CLANG_WARN_NON_LITERAL_NULL_CONVERSION = YES;
				CLANG_WARN_OBJC_IMPLICIT_RETAIN_SELF = YES;
				CLANG_WARN_OBJC_LITERAL_CONVERSION = YES;
				CLANG_WARN_OBJC_ROOT_CLASS = YES_ERROR;
				CLANG_WARN_QUOTED_INCLUDE_IN_FRAMEWORK_HEADER = YES;
				CLANG_WARN_RANGE_LOOP_ANALYSIS = YES;
				CLANG_WARN_STRICT_PROTOTYPES = YES;
				CLANG_WARN_SUSPICIOUS_MOVE = YES;
				CLANG_WARN_UNGUARDED_AVAILABILITY = YES_AGGRESSIVE;
				CLANG_WARN_UNREACHABLE_CODE = YES;
				CLANG_WARN__DUPLICATE_METHOD_MATCH = YES;
				COPY_PHASE_STRIP = NO;
				DEBUG_INFORMATION_FORMAT = "dwarf-with-dsym";
				ENABLE_NS_ASSERTIONS = NO;
				ENABLE_STRICT_OBJC_MSGSEND = YES;
				GCC_C_LANGUAGE_STANDARD = gnu11;
				GCC_NO_COMMON_BLOCKS = YES;
				GCC_WARN_64_TO_32_BIT_CONVERSION = YES;
				GCC_WARN_ABOUT_RETURN_TYPE = YES_ERROR;
				GCC_WARN_UNDECLARED_SELECTOR = YES;
				GCC_WARN_UNINITIALIZED_AUTOS = YES_AGGRESSIVE;
				GCC_WARN_UNUSED_FUNCTION = YES;
				GCC_WARN_UNUSED_VARIABLE = YES;
				MACOSX_DEPLOYMENT_TARGET = 10.15;
				MTL_ENABLE_DEBUG_INFO = NO;
				MTL_FAST_MATH = YES;
				SDKROOT = macosx;
				SWIFT_COMPILATION_MODE = wholemodule;
				SWIFT_OPTIMIZATION_LEVEL = "-O";
			};
			name = Release;
		};
		61A23FF725E2865D0037CDFF /* Debug */ = {
			isa = XCBuildConfiguration;
			buildSettings = {
				ASSETCATALOG_COMPILER_APPICON_NAME = AppIcon;
				ASSETCATALOG_COMPILER_GLOBAL_ACCENT_COLOR_NAME = AccentColor;
				CODE_SIGN_ENTITLEMENTS = "MyBasicSwiftUiCode@StateTextfield/MyBasicSwiftUiCode_StateTextfield.entitlements";
				CODE_SIGN_STYLE = Automatic;
				COMBINE_HIDPI_IMAGES = YES;
				DEVELOPMENT_ASSET_PATHS = "\"MyBasicSwiftUiCode@StateTextfield/Preview Content\"";
				ENABLE_PREVIEWS = YES;
				INFOPLIST_FILE = "MyBasicSwiftUiCode@StateTextfield/Info.plist";
				LD_RUNPATH_SEARCH_PATHS = (
					"$(inherited)",
					"@executable_path/../Frameworks",
				);
				MACOSX_DEPLOYMENT_TARGET = 10.15;
				PRODUCT_BUNDLE_IDENTIFIER = "com.CoolApps.MyBasicSwiftUiCode-StateTextfield";
				PRODUCT_NAME = "$(TARGET_NAME)";
				SWIFT_VERSION = 5.0;
			};
			name = Debug;
		};
		61A23FF825E2865D0037CDFF /* Release */ = {
			isa = XCBuildConfiguration;
			buildSettings = {
				ASSETCATALOG_COMPILER_APPICON_NAME = AppIcon;
				ASSETCATALOG_COMPILER_GLOBAL_ACCENT_COLOR_NAME = AccentColor;
				CODE_SIGN_ENTITLEMENTS = "MyBasicSwiftUiCode@StateTextfield/MyBasicSwiftUiCode_StateTextfield.entitlements";
				CODE_SIGN_STYLE = Automatic;
				COMBINE_HIDPI_IMAGES = YES;
				DEVELOPMENT_ASSET_PATHS = "\"MyBasicSwiftUiCode@StateTextfield/Preview Content\"";
				ENABLE_PREVIEWS = YES;
				INFOPLIST_FILE = "MyBasicSwiftUiCode@StateTextfield/Info.plist";
				LD_RUNPATH_SEARCH_PATHS = (
					"$(inherited)",
					"@executable_path/../Frameworks",
				);
				MACOSX_DEPLOYMENT_TARGET = 10.15;
				PRODUCT_BUNDLE_IDENTIFIER = "com.CoolApps.MyBasicSwiftUiCode-StateTextfield";
				PRODUCT_NAME = "$(TARGET_NAME)";
				SWIFT_VERSION = 5.0;
			};
			name = Release;
		};
/* End XCBuildConfiguration section */

/* Begin XCConfigurationList section */
		61A23FDE25E2865A0037CDFF /* Build configuration list for PBXProject "MyBasicSwiftUiCode@StateTextfield" */ = {
			isa = XCConfigurationList;
			buildConfigurations = (
				61A23FF425E2865D0037CDFF /* Debug */,
				61A23FF525E2865D0037CDFF /* Release */,
			);
			defaultConfigurationIsVisible = 0;
			defaultConfigurationName = Release;
		};
		61A23FF625E2865D0037CDFF /* Build configuration list for PBXNativeTarget "MyBasicSwiftUiCode@StateTextfield" */ = {
			isa = XCConfigurationList;
			buildConfigurations = (
				61A23FF725E2865D0037CDFF /* Debug */,
				61A23FF825E2865D0037CDFF /* Release */,
			);
			defaultConfigurationIsVisible = 0;
			defaultConfigurationName = Release;
		};
/* End XCConfigurationList section */
	};
	rootObject = 61A23FDB25E2865A0037CDFF /* Project object */;
}
